
Microsoft Visual Studio Solution File, Format Version 12.00
# Visual Studio Version 17
VisualStudioVersion = 17.13.35825.156 d17.13
MinimumVisualStudioVersion = 10.0.40219.1
Project("{FAE04EC0-301F-11D3-BF4B-00C04F79EFBC}") = "DATA GRID VIEW", "DATA GRID VIEW\DATA GRID VIEW.csproj", "{DF2EE956-82B3-4CC9-91F0-EC89A2CE9A80}"
EndProject
Global
	GlobalSection(SolutionConfigurationPlatforms) = preSolution
		Debug|Any CPU = Debug|Any CPU
		Release|Any CPU = Release|Any CPU
	EndGlobalSection
	GlobalSection(ProjectConfigurationPlatforms) = postSolution
		{DF2EE956-82B3-4CC9-91F0-EC89A2CE9A80}.Debug|Any CPU.ActiveCfg = Debug|Any CPU
		{DF2EE956-82B3-4CC9-91F0-EC89A2CE9A80}.Debug|Any CPU.Build.0 = Debug|Any CPU
		{DF2EE956-82B3-4CC9-91F0-EC89A2CE9A80}.Release|Any CPU.ActiveCfg = Release|Any CPU
		{DF2EE956-82B3-4CC9-91F0-EC89A2CE9A80}.Release|Any CPU.Build.0 = Release|Any CPU
	EndGlobalSection
	GlobalSection(SolutionProperties) = preSolution
		HideSolutionNode = FALSE
	EndGlobalSection
	GlobalSection(ExtensibilityGlobals) = postSolution
		SolutionGuid = {32A7F8EF-DA6A-4E16-8A08-10EF1BDF440D}
	EndGlobalSection
EndGlobal
